// !$*UTF8*$!
{
	archiveVersion = 1;
	classes = {
	};
	objectVersion = 48;
	objects = {

/* Begin PBXBuildFile section */
		2AE5140A1F0B3E63001B18F8 /* AppDelegate.swift in Sources */ = {isa = PBXBuildFile; fileRef = 2AE514091F0B3E63001B18F8 /* AppDelegate.swift */; };
		2AE5140C1F0B3E63001B18F8 /* ViewController.swift in Sources */ = {isa = PBXBuildFile; fileRef = 2AE5140B1F0B3E63001B18F8 /* ViewController.swift */; };
		2AE5140F1F0B3E63001B18F8 /* Main.storyboard in Resources */ = {isa = PBXBuildFile; fileRef = 2AE5140D1F0B3E63001B18F8 /* Main.storyboard */; };
		2AE514111F0B3E63001B18F8 /* Assets.xcassets in Resources */ = {isa = PBXBuildFile; fileRef = 2AE514101F0B3E63001B18F8 /* Assets.xcassets */; };
		2AE514141F0B3E63001B18F8 /* LaunchScreen.storyboard in Resources */ = {isa = PBXBuildFile; fileRef = 2AE514121F0B3E63001B18F8 /* LaunchScreen.storyboard */; };
		2AE514221F0B3E7A001B18F8 /* KeyboardViewController.swift in Sources */ = {isa = PBXBuildFile; fileRef = 2AE514211F0B3E7A001B18F8 /* KeyboardViewController.swift */; };
		2AE514261F0B3E7A001B18F8 /* keyboard.appex in Embed App Extensions */ = {isa = PBXBuildFile; fileRef = 2AE5141F1F0B3E7A001B18F8 /* keyboard.appex */; settings = {ATTRIBUTES = (RemoveHeadersOnCopy, ); }; };
		97E3EDBD1F0B4980006FFD8E /* Images.xcassets in Resources */ = {isa = PBXBuildFile; fileRef = 97E3EDBC1F0B4980006FFD8E /* Images.xcassets */; };
/* End PBXBuildFile section */

/* Begin PBXContainerItemProxy section */
		2AE514241F0B3E7A001B18F8 /* PBXContainerItemProxy */ = {
			isa = PBXContainerItemProxy;
			containerPortal = 2AE513FE1F0B3E63001B18F8 /* Project object */;
			proxyType = 1;
			remoteGlobalIDString = 2AE5141E1F0B3E7A001B18F8;
			remoteInfo = keyboard;
		};
/* End PBXContainerItemProxy section */

/* Begin PBXCopyFilesBuildPhase section */
		2AE5142A1F0B3E7A001B18F8 /* Embed App Extensions */ = {
			isa = PBXCopyFilesBuildPhase;
			buildActionMask = 2147483647;
			dstPath = "";
			dstSubfolderSpec = 13;
			files = (
				2AE514261F0B3E7A001B18F8 /* keyboard.appex in Embed App Extensions */,
			);
			name = "Embed App Extensions";
			runOnlyForDeploymentPostprocessing = 0;
		};
/* End PBXCopyFilesBuildPhase section */

/* Begin PBXFileReference section */
		2AE514061F0B3E63001B18F8 /* DragDrop.app */ = {isa = PBXFileReference; explicitFileType = wrapper.application; includeInIndex = 0; path = DragDrop.app; sourceTree = BUILT_PRODUCTS_DIR; };
		2AE514091F0B3E63001B18F8 /* AppDelegate.swift */ = {isa = PBXFileReference; lastKnownFileType = sourcecode.swift; path = AppDelegate.swift; sourceTree = "<group>"; };
		2AE5140B1F0B3E63001B18F8 /* ViewController.swift */ = {isa = PBXFileReference; lastKnownFileType = sourcecode.swift; path = ViewController.swift; sourceTree = "<group>"; };
		2AE5140E1F0B3E63001B18F8 /* Base */ = {isa = PBXFileReference; lastKnownFileType = file.storyboard; name = Base; path = Base.lproj/Main.storyboard; sourceTree = "<group>"; };
		2AE514101F0B3E63001B18F8 /* Assets.xcassets */ = {isa = PBXFileReference; lastKnownFileType = folder.assetcatalog; path = Assets.xcassets; sourceTree = "<group>"; };
		2AE514131F0B3E63001B18F8 /* Base */ = {isa = PBXFileReference; lastKnownFileType = file.storyboard; name = Base; path = Base.lproj/LaunchScreen.storyboard; sourceTree = "<group>"; };
		2AE514151F0B3E63001B18F8 /* Info.plist */ = {isa = PBXFileReference; lastKnownFileType = text.plist.xml; path = Info.plist; sourceTree = "<group>"; };
		2AE5141F1F0B3E7A001B18F8 /* keyboard.appex */ = {isa = PBXFileReference; explicitFileType = "wrapper.app-extension"; includeInIndex = 0; path = keyboard.appex; sourceTree = BUILT_PRODUCTS_DIR; };
		2AE514211F0B3E7A001B18F8 /* KeyboardViewController.swift */ = {isa = PBXFileReference; lastKnownFileType = sourcecode.swift; path = KeyboardViewController.swift; sourceTree = "<group>"; };
		2AE514231F0B3E7A001B18F8 /* Info.plist */ = {isa = PBXFileReference; lastKnownFileType = text.plist.xml; path = Info.plist; sourceTree = "<group>"; };
		97E3EDBC1F0B4980006FFD8E /* Images.xcassets */ = {isa = PBXFileReference; lastKnownFileType = folder.assetcatalog; path = Images.xcassets; sourceTree = "<group>"; };
/* End PBXFileReference section */

/* Begin PBXFrameworksBuildPhase section */
		2AE514031F0B3E63001B18F8 /* Frameworks */ = {
			isa = PBXFrameworksBuildPhase;
			buildActionMask = 2147483647;
			files = (
			);
			runOnlyForDeploymentPostprocessing = 0;
		};
		2AE5141C1F0B3E7A001B18F8 /* Frameworks */ = {
			isa = PBXFrameworksBuildPhase;
			buildActionMask = 2147483647;
			files = (
			);
			runOnlyForDeploymentPostprocessing = 0;
		};
/* End PBXFrameworksBuildPhase section */

/* Begin PBXGroup section */
		2AE513FD1F0B3E63001B18F8 = {
			isa = PBXGroup;
			children = (
				2AE514081F0B3E63001B18F8 /* DragDrop */,
				2AE514201F0B3E7A001B18F8 /* keyboard */,
				2AE514071F0B3E63001B18F8 /* Products */,
			);
			sourceTree = "<group>";
		};
		2AE514071F0B3E63001B18F8 /* Products */ = {
			isa = PBXGroup;
			children = (
				2AE514061F0B3E63001B18F8 /* DragDrop.app */,
				2AE5141F1F0B3E7A001B18F8 /* keyboard.appex */,
			);
			name = Products;
			sourceTree = "<group>";
		};
		2AE514081F0B3E63001B18F8 /* DragDrop */ = {
			isa = PBXGroup;
			children = (
				2AE514091F0B3E63001B18F8 /* AppDelegate.swift */,
				2AE5140B1F0B3E63001B18F8 /* ViewController.swift */,
				2AE5140D1F0B3E63001B18F8 /* Main.storyboard */,
				2AE514101F0B3E63001B18F8 /* Assets.xcassets */,
				2AE514121F0B3E63001B18F8 /* LaunchScreen.storyboard */,
				2AE514151F0B3E63001B18F8 /* Info.plist */,
			);
			path = DragDrop;
			sourceTree = "<group>";
		};
		2AE514201F0B3E7A001B18F8 /* keyboard */ = {
			isa = PBXGroup;
			children = (
				2AE514211F0B3E7A001B18F8 /* KeyboardViewController.swift */,
				97E3EDBC1F0B4980006FFD8E /* Images.xcassets */,
				2AE514231F0B3E7A001B18F8 /* Info.plist */,
			);
			path = keyboard;
			sourceTree = "<group>";
		};
/* End PBXGroup section */

/* Begin PBXNativeTarget section */
		2AE514051F0B3E63001B18F8 /* DragDrop */ = {
			isa = PBXNativeTarget;
			buildConfigurationList = 2AE514181F0B3E63001B18F8 /* Build configuration list for PBXNativeTarget "DragDrop" */;
			buildPhases = (
				2AE514021F0B3E63001B18F8 /* Sources */,
				2AE514031F0B3E63001B18F8 /* Frameworks */,
				2AE514041F0B3E63001B18F8 /* Resources */,
				2AE5142A1F0B3E7A001B18F8 /* Embed App Extensions */,
			);
			buildRules = (
			);
			dependencies = (
				2AE514251F0B3E7A001B18F8 /* PBXTargetDependency */,
			);
			name = DragDrop;
			productName = DragDrop;
			productReference = 2AE514061F0B3E63001B18F8 /* DragDrop.app */;
			productType = "com.apple.product-type.application";
		};
		2AE5141E1F0B3E7A001B18F8 /* keyboard */ = {
			isa = PBXNativeTarget;
			buildConfigurationList = 2AE514271F0B3E7A001B18F8 /* Build configuration list for PBXNativeTarget "keyboard" */;
			buildPhases = (
				2AE5141B1F0B3E7A001B18F8 /* Sources */,
				2AE5141C1F0B3E7A001B18F8 /* Frameworks */,
				2AE5141D1F0B3E7A001B18F8 /* Resources */,
			);
			buildRules = (
			);
			dependencies = (
			);
			name = keyboard;
			productName = keyboard;
			productReference = 2AE5141F1F0B3E7A001B18F8 /* keyboard.appex */;
			productType = "com.apple.product-type.app-extension";
		};
/* End PBXNativeTarget section */

/* Begin PBXProject section */
		2AE513FE1F0B3E63001B18F8 /* Project object */ = {
			isa = PBXProject;
			attributes = {
				LastSwiftUpdateCheck = 0900;
				LastUpgradeCheck = 0900;
				ORGANIZATIONNAME = fanminhu;
				TargetAttributes = {
					2AE514051F0B3E63001B18F8 = {
						CreatedOnToolsVersion = 9.0;
					};
					2AE5141E1F0B3E7A001B18F8 = {
						CreatedOnToolsVersion = 9.0;
					};
				};
			};
			buildConfigurationList = 2AE514011F0B3E63001B18F8 /* Build configuration list for PBXProject "DragDrop" */;
			compatibilityVersion = "Xcode 8.0";
			developmentRegion = en;
			hasScannedForEncodings = 0;
			knownRegions = (
				en,
				Base,
			);
			mainGroup = 2AE513FD1F0B3E63001B18F8;
			productRefGroup = 2AE514071F0B3E63001B18F8 /* Products */;
			projectDirPath = "";
			projectRoot = "";
			targets = (
				2AE514051F0B3E63001B18F8 /* DragDrop */,
				2AE5141E1F0B3E7A001B18F8 /* keyboard */,
			);
		};
/* End PBXProject section */

/* Begin PBXResourcesBuildPhase section */
		2AE514041F0B3E63001B18F8 /* Resources */ = {
			isa = PBXResourcesBuildPhase;
			buildActionMask = 2147483647;
			files = (
				2AE514141F0B3E63001B18F8 /* LaunchScreen.storyboard in Resources */,
				2AE514111F0B3E63001B18F8 /* Assets.xcassets in Resources */,
				2AE5140F1F0B3E63001B18F8 /* Main.storyboard in Resources */,
			);
			runOnlyForDeploymentPostprocessing = 0;
		};
		2AE5141D1F0B3E7A001B18F8 /* Resources */ = {
			isa = PBXResourcesBuildPhase;
			buildActionMask = 2147483647;
			files = (
				97E3EDBD1F0B4980006FFD8E /* Images.xcassets in Resources */,
			);
			runOnlyForDeploymentPostprocessing = 0;
		};
/* End PBXResourcesBuildPhase section */

/* Begin PBXSourcesBuildPhase section */
		2AE514021F0B3E63001B18F8 /* Sources */ = {
			isa = PBXSourcesBuildPhase;
			buildActionMask = 2147483647;
			files = (
				2AE5140C1F0B3E63001B18F8 /* ViewController.swift in Sources */,
				2AE5140A1F0B3E63001B18F8 /* AppDelegate.swift in Sources */,
			);
			runOnlyForDeploymentPostprocessing = 0;
		};
		2AE5141B1F0B3E7A001B18F8 /* Sources */ = {
			isa = PBXSourcesBuildPhase;
			buildActionMask = 2147483647;
			files = (
				2AE514221F0B3E7A001B18F8 /* KeyboardViewController.swift in Sources */,
			);
			runOnlyForDeploymentPostprocessing = 0;
		};
/* End PBXSourcesBuildPhase section */

/* Begin PBXTargetDependency section */
		2AE514251F0B3E7A001B18F8 /* PBXTargetDependency */ = {
			isa = PBXTargetDependency;
			target = 2AE5141E1F0B3E7A001B18F8 /* keyboard */;
			targetProxy = 2AE514241F0B3E7A001B18F8 /* PBXContainerItemProxy */;
		};
/* End PBXTargetDependency section */

/* Begin PBXVariantGroup section */
		2AE5140D1F0B3E63001B18F8 /* Main.storyboard */ = {
			isa = PBXVariantGroup;
			children = (
				2AE5140E1F0B3E63001B18F8 /* Base */,
			);
			name = Main.storyboard;
			sourceTree = "<group>";
		};
		2AE514121F0B3E63001B18F8 /* LaunchScreen.storyboard */ = {
			isa = PBXVariantGroup;
			children = (
				2AE514131F0B3E63001B18F8 /* Base */,
			);
			name = LaunchScreen.storyboard;
			sourceTree = "<group>";
		};
/* End PBXVariantGroup section */

/* Begin XCBuildConfiguration section */
		2AE514161F0B3E63001B18F8 /* Debug */ = {
			isa = XCBuildConfiguration;
			buildSettings = {
				ALWAYS_SEARCH_USER_PATHS = NO;
				CLANG_ANALYZER_NONNULL = YES;
				CLANG_ANALYZER_NUMBER_OBJECT_CONVERSION = YES_AGGRESSIVE;
				CLANG_CXX_LANGUAGE_STANDARD = "gnu++14";
				CLANG_CXX_LIBRARY = "libc++";
				CLANG_ENABLE_MODULES = YES;
				CLANG_ENABLE_OBJC_ARC = YES;
				CLANG_WARN_BLOCK_CAPTURE_AUTORELEASING = YES;
				CLANG_WARN_BOOL_CONVERSION = YES;
				CLANG_WARN_COMMA = YES;
				CLANG_WARN_CONSTANT_CONVERSION = YES;
				CLANG_WARN_DIRECT_OBJC_ISA_USAGE = YES_ERROR;
				CLANG_WARN_DOCUMENTATION_COMMENTS = YES;
				CLANG_WARN_EMPTY_BODY = YES;
				CLANG_WARN_ENUM_CONVERSION = YES;
				CLANG_WARN_INFINITE_RECURSION = YES;
				CLANG_WARN_INT_CONVERSION = YES;
				CLANG_WARN_NON_LITERAL_NULL_CONVERSION = YES;
				CLANG_WARN_OBJC_LITERAL_CONVERSION = YES;
				CLANG_WARN_OBJC_ROOT_CLASS = YES_ERROR;
				CLANG_WARN_RANGE_LOOP_ANALYSIS = YES;
				CLANG_WARN_STRICT_PROTOTYPES = YES;
				CLANG_WARN_SUSPICIOUS_MOVE = YES;
				CLANG_WARN_UNGUARDED_AVAILABILITY = YES_AGGRESSIVE;
				CLANG_WARN_UNREACHABLE_CODE = YES;
				CLANG_WARN__DUPLICATE_METHOD_MATCH = YES;
				CODE_SIGN_IDENTITY = "iPhone Developer";
				COPY_PHASE_STRIP = NO;
				DEBUG_INFORMATION_FORMAT = dwarf;
				ENABLE_STRICT_OBJC_MSGSEND = YES;
				ENABLE_TESTABILITY = YES;
				GCC_C_LANGUAGE_STANDARD = gnu11;
				GCC_DYNAMIC_NO_PIC = NO;
				GCC_NO_COMMON_BLOCKS = YES;
				GCC_OPTIMIZATION_LEVEL = 0;
				GCC_PREPROCESSOR_DEFINITIONS = (
					"DEBUG=1",
					"$(inherited)",
				);
				GCC_WARN_64_TO_32_BIT_CONVERSION = YES;
				GCC_WARN_ABOUT_RETURN_TYPE = YES_ERROR;
				GCC_WARN_UNDECLARED_SELECTOR = YES;
				GCC_WARN_UNINITIALIZED_AUTOS = YES_AGGRESSIVE;
				GCC_WARN_UNUSED_FUNCTION = YES;
				GCC_WARN_UNUSED_VARIABLE = YES;
				IPHONEOS_DEPLOYMENT_TARGET = 11.0;
				MTL_ENABLE_DEBUG_INFO = YES;
				ONLY_ACTIVE_ARCH = YES;
				SDKROOT = iphoneos;
				SWIFT_ACTIVE_COMPILATION_CONDITIONS = DEBUG;
				SWIFT_OPTIMIZATION_LEVEL = "-Onone";
			};
			name = Debug;
		};
		2AE514171F0B3E63001B18F8 /* Release */ = {
			isa = XCBuildConfiguration;
			buildSettings = {
				ALWAYS_SEARCH_USER_PATHS = NO;
				CLANG_ANALYZER_NONNULL = YES;
				CLANG_ANALYZER_NUMBER_OBJECT_CONVERSION = YES_AGGRESSIVE;
				CLANG_CXX_LANGUAGE_STANDARD = "gnu++14";
				CLANG_CXX_LIBRARY = "libc++";
				CLANG_ENABLE_MODULES = YES;
				CLANG_ENABLE_OBJC_ARC = YES;
				CLANG_WARN_BLOCK_CAPTURE_AUTORELEASING = YES;
				CLANG_WARN_BOOL_CONVERSION = YES;
				CLANG_WARN_COMMA = YES;
				CLANG_WARN_CONSTANT_CONVERSION = YES;
				CLANG_WARN_DIRECT_OBJC_ISA_USAGE = YES_ERROR;
				CLANG_WARN_DOCUMENTATION_COMMENTS = YES;
				CLANG_WARN_EMPTY_BODY = YES;
				CLANG_WARN_ENUM_CONVERSION = YES;
				CLANG_WARN_INFINITE_RECURSION = YES;
				CLANG_WARN_INT_CONVERSION = YES;
				CLANG_WARN_NON_LITERAL_NULL_CONVERSION = YES;
				CLANG_WARN_OBJC_LITERAL_CONVERSION = YES;
				CLANG_WARN_OBJC_ROOT_CLASS = YES_ERROR;
				CLANG_WARN_RANGE_LOOP_ANALYSIS = YES;
				CLANG_WARN_STRICT_PROTOTYPES = YES;
				CLANG_WARN_SUSPICIOUS_MOVE = YES;
				CLANG_WARN_UNGUARDED_AVAILABILITY = YES_AGGRESSIVE;
				CLANG_WARN_UNREACHABLE_CODE = YES;
				CLANG_WARN__DUPLICATE_METHOD_MATCH = YES;
				CODE_SIGN_IDENTITY = "iPhone Developer";
				COPY_PHASE_STRIP = NO;
				DEBUG_INFORMATION_FORMAT = "dwarf-with-dsym";
				ENABLE_NS_ASSERTIONS = NO;
				ENABLE_STRICT_OBJC_MSGSEND = YES;
				GCC_C_LANGUAGE_STANDARD = gnu11;
				GCC_NO_COMMON_BLOCKS = YES;
				GCC_WARN_64_TO_32_BIT_CONVERSION = YES;
				GCC_WARN_ABOUT_RETURN_TYPE = YES_ERROR;
				GCC_WARN_UNDECLARED_SELECTOR = YES;
				GCC_WARN_UNINITIALIZED_AUTOS = YES_AGGRESSIVE;
				GCC_WARN_UNUSED_FUNCTION = YES;
				GCC_WARN_UNUSED_VARIABLE = YES;
				IPHONEOS_DEPLOYMENT_TARGET = 11.0;
				MTL_ENABLE_DEBUG_INFO = NO;
				SDKROOT = iphoneos;
				SWIFT_OPTIMIZATION_LEVEL = "-Owholemodule";
				VALIDATE_PRODUCT = YES;
			};
			name = Release;
		};
		2AE514191F0B3E63001B18F8 /* Debug */ = {
			isa = XCBuildConfiguration;
			buildSettings = {
				ALWAYS_EMBED_SWIFT_STANDARD_LIBRARIES = YES;
				ASSETCATALOG_COMPILER_APPICON_NAME = AppIcon;
				DEVELOPMENT_TEAM = 2TV8FB59SP;
				INFOPLIST_FILE = DragDrop/Info.plist;
				IPHONEOS_DEPLOYMENT_TARGET = 11.0;
				LD_RUNPATH_SEARCH_PATHS = "$(inherited) @executable_path/Frameworks";
				PRODUCT_BUNDLE_IDENTIFIER = com.baidu.baiduinput.DragDrop;
				PRODUCT_NAME = "$(TARGET_NAME)";
				SWIFT_VERSION = 4.0;
				TARGETED_DEVICE_FAMILY = "1,2";
			};
			name = Debug;
		};
		2AE5141A1F0B3E63001B18F8 /* Release */ = {
			isa = XCBuildConfiguration;
			buildSettings = {
				ALWAYS_EMBED_SWIFT_STANDARD_LIBRARIES = YES;
				ASSETCATALOG_COMPILER_APPICON_NAME = AppIcon;
				DEVELOPMENT_TEAM = 2TV8FB59SP;
				INFOPLIST_FILE = DragDrop/Info.plist;
				IPHONEOS_DEPLOYMENT_TARGET = 11.0;
				LD_RUNPATH_SEARCH_PATHS = "$(inherited) @executable_path/Frameworks";
				PRODUCT_BUNDLE_IDENTIFIER = com.baidu.baiduinput.DragDrop;
				PRODUCT_NAME = "$(TARGET_NAME)";
				SWIFT_VERSION = 4.0;
				TARGETED_DEVICE_FAMILY = "1,2";
			};
			name = Release;
		};
		2AE514281F0B3E7A001B18F8 /* Debug */ = {
			isa = XCBuildConfiguration;
			buildSettings = {
				DEVELOPMENT_TEAM = 2TV8FB59SP;
				INFOPLIST_FILE = keyboard/Info.plist;
				IPHONEOS_DEPLOYMENT_TARGET = 11.0;
				LD_RUNPATH_SEARCH_PATHS = "$(inherited) @executable_path/Frameworks @executable_path/../../Frameworks";
				PRODUCT_BUNDLE_IDENTIFIER = com.baidu.baiduinput.DragDrop.keyboard;
				PRODUCT_NAME = "$(TARGET_NAME)";
				SKIP_INSTALL = YES;
				SWIFT_VERSION = 4.0;
				TARGETED_DEVICE_FAMILY = "1,2";
			};
			name = Debug;
		};
		2AE514291F0B3E7A001B18F8 /* Release */ = {
			isa = XCBuildConfiguration;
			buildSettings = {
				DEVELOPMENT_TEAM = 2TV8FB59SP;
				INFOPLIST_FILE = keyboard/Info.plist;
				IPHONEOS_DEPLOYMENT_TARGET = 11.0;
				LD_RUNPATH_SEARCH_PATHS = "$(inherited) @executable_path/Frameworks @executable_path/../../Frameworks";
				PRODUCT_BUNDLE_IDENTIFIER = com.baidu.baiduinput.DragDrop.keyboard;
				PRODUCT_NAME = "$(TARGET_NAME)";
				SKIP_INSTALL = YES;
				SWIFT_VERSION = 4.0;
				TARGETED_DEVICE_FAMILY = "1,2";
			};
			name = Release;
		};
/* End XCBuildConfiguration section */

/* Begin XCConfigurationList section */
		2AE514011F0B3E63001B18F8 /* Build configuration list for PBXProject "DragDrop" */ = {
			isa = XCConfigurationList;
			buildConfigurations = (
				2AE514161F0B3E63001B18F8 /* Debug */,
				2AE514171F0B3E63001B18F8 /* Release */,
			);
			defaultConfigurationIsVisible = 0;
			defaultConfigurationName = Release;
		};
		2AE514181F0B3E63001B18F8 /* Build configuration list for PBXNativeTarget "DragDrop" */ = {
			isa = XCConfigurationList;
			buildConfigurations = (
				2AE514191F0B3E63001B18F8 /* Debug */,
				2AE5141A1F0B3E63001B18F8 /* Release */,
			);
			defaultConfigurationIsVisible = 0;
			defaultConfigurationName = Release;
		};
		2AE514271F0B3E7A001B18F8 /* Build configuration list for PBXNativeTarget "keyboard" */ = {
			isa = XCConfigurationList;
			buildConfigurations = (
				2AE514281F0B3E7A001B18F8 /* Debug */,
				2AE514291F0B3E7A001B18F8 /* Release */,
			);
			defaultConfigurationIsVisible = 0;
			defaultConfigurationName = Release;
		};
/* End XCConfigurationList section */
	};
	rootObject = 2AE513FE1F0B3E63001B18F8 /* Project object */;
}
