// !$*UTF8*$!
{
	archiveVersion = 1;
	classes = {
	};
	objectVersion = 46;
	objects = {

/* Begin PBXBuildFile section */
		97FA7EC21E9362B300AD5B01 /* main.m in Sources */ = {isa = PBXBuildFile; fileRef = 97FA7EC11E9362B300AD5B01 /* main.m */; };
		97FA7EC51E9362B300AD5B01 /* AppDelegate.m in Sources */ = {isa = PBXBuildFile; fileRef = 97FA7EC41E9362B300AD5B01 /* AppDelegate.m */; };
		97FA7EC81E9362B300AD5B01 /* ViewController.m in Sources */ = {isa = PBXBuildFile; fileRef = 97FA7EC71E9362B300AD5B01 /* ViewController.m */; };
		97FA7ECB1E9362B300AD5B01 /* Main.storyboard in Resources */ = {isa = PBXBuildFile; fileRef = 97FA7EC91E9362B300AD5B01 /* Main.storyboard */; };
		97FA7ECD1E9362B300AD5B01 /* Assets.xcassets in Resources */ = {isa = PBXBuildFile; fileRef = 97FA7ECC1E9362B300AD5B01 /* Assets.xcassets */; };
		97FA7ED01E9362B300AD5B01 /* LaunchScreen.storyboard in Resources */ = {isa = PBXBuildFile; fileRef = 97FA7ECE1E9362B300AD5B01 /* LaunchScreen.storyboard */; };
		97FA7ED91E9362DD00AD5B01 /* TextView.m in Sources */ = {isa = PBXBuildFile; fileRef = 97FA7ED81E9362DD00AD5B01 /* TextView.m */; };
/* End PBXBuildFile section */

/* Begin PBXFileReference section */
		97FA7EBD1E9362B300AD5B01 /* TextKitDemo.app */ = {isa = PBXFileReference; explicitFileType = wrapper.application; includeInIndex = 0; path = TextKitDemo.app; sourceTree = BUILT_PRODUCTS_DIR; };
		97FA7EC11E9362B300AD5B01 /* main.m */ = {isa = PBXFileReference; lastKnownFileType = sourcecode.c.objc; path = main.m; sourceTree = "<group>"; };
		97FA7EC31E9362B300AD5B01 /* AppDelegate.h */ = {isa = PBXFileReference; lastKnownFileType = sourcecode.c.h; path = AppDelegate.h; sourceTree = "<group>"; };
		97FA7EC41E9362B300AD5B01 /* AppDelegate.m */ = {isa = PBXFileReference; lastKnownFileType = sourcecode.c.objc; path = AppDelegate.m; sourceTree = "<group>"; };
		97FA7EC61E9362B300AD5B01 /* ViewController.h */ = {isa = PBXFileReference; lastKnownFileType = sourcecode.c.h; path = ViewController.h; sourceTree = "<group>"; };
		97FA7EC71E9362B300AD5B01 /* ViewController.m */ = {isa = PBXFileReference; lastKnownFileType = sourcecode.c.objc; path = ViewController.m; sourceTree = "<group>"; };
		97FA7ECA1E9362B300AD5B01 /* Base */ = {isa = PBXFileReference; lastKnownFileType = file.storyboard; name = Base; path = Base.lproj/Main.storyboard; sourceTree = "<group>"; };
		97FA7ECC1E9362B300AD5B01 /* Assets.xcassets */ = {isa = PBXFileReference; lastKnownFileType = folder.assetcatalog; path = Assets.xcassets; sourceTree = "<group>"; };
		97FA7ECF1E9362B300AD5B01 /* Base */ = {isa = PBXFileReference; lastKnownFileType = file.storyboard; name = Base; path = Base.lproj/LaunchScreen.storyboard; sourceTree = "<group>"; };
		97FA7ED11E9362B300AD5B01 /* Info.plist */ = {isa = PBXFileReference; lastKnownFileType = text.plist.xml; path = Info.plist; sourceTree = "<group>"; };
		97FA7ED71E9362DD00AD5B01 /* TextView.h */ = {isa = PBXFileReference; fileEncoding = 4; lastKnownFileType = sourcecode.c.h; path = TextView.h; sourceTree = "<group>"; };
		97FA7ED81E9362DD00AD5B01 /* TextView.m */ = {isa = PBXFileReference; fileEncoding = 4; lastKnownFileType = sourcecode.c.objc; path = TextView.m; sourceTree = "<group>"; };
/* End PBXFileReference section */

/* Begin PBXFrameworksBuildPhase section */
		97FA7EBA1E9362B300AD5B01 /* Frameworks */ = {
			isa = PBXFrameworksBuildPhase;
			buildActionMask = 2147483647;
			files = (
			);
			runOnlyForDeploymentPostprocessing = 0;
		};
/* End PBXFrameworksBuildPhase section */

/* Begin PBXGroup section */
		97FA7EB41E9362B300AD5B01 = {
			isa = PBXGroup;
			children = (
				97FA7EBF1E9362B300AD5B01 /* TextKitDemo */,
				97FA7EBE1E9362B300AD5B01 /* Products */,
			);
			sourceTree = "<group>";
		};
		97FA7EBE1E9362B300AD5B01 /* Products */ = {
			isa = PBXGroup;
			children = (
				97FA7EBD1E9362B300AD5B01 /* TextKitDemo.app */,
			);
			name = Products;
			sourceTree = "<group>";
		};
		97FA7EBF1E9362B300AD5B01 /* TextKitDemo */ = {
			isa = PBXGroup;
			children = (
				97FA7EC31E9362B300AD5B01 /* AppDelegate.h */,
				97FA7EC41E9362B300AD5B01 /* AppDelegate.m */,
				97FA7EC61E9362B300AD5B01 /* ViewController.h */,
				97FA7EC71E9362B300AD5B01 /* ViewController.m */,
				97FA7ED71E9362DD00AD5B01 /* TextView.h */,
				97FA7ED81E9362DD00AD5B01 /* TextView.m */,
				97FA7EC91E9362B300AD5B01 /* Main.storyboard */,
				97FA7ECC1E9362B300AD5B01 /* Assets.xcassets */,
				97FA7ECE1E9362B300AD5B01 /* LaunchScreen.storyboard */,
				97FA7ED11E9362B300AD5B01 /* Info.plist */,
				97FA7EC01E9362B300AD5B01 /* Supporting Files */,
			);
			path = TextKitDemo;
			sourceTree = "<group>";
		};
		97FA7EC01E9362B300AD5B01 /* Supporting Files */ = {
			isa = PBXGroup;
			children = (
				97FA7EC11E9362B300AD5B01 /* main.m */,
			);
			name = "Supporting Files";
			sourceTree = "<group>";
		};
/* End PBXGroup section */

/* Begin PBXNativeTarget section */
		97FA7EBC1E9362B300AD5B01 /* TextKitDemo */ = {
			isa = PBXNativeTarget;
			buildConfigurationList = 97FA7ED41E9362B300AD5B01 /* Build configuration list for PBXNativeTarget "TextKitDemo" */;
			buildPhases = (
				97FA7EB91E9362B300AD5B01 /* Sources */,
				97FA7EBA1E9362B300AD5B01 /* Frameworks */,
				97FA7EBB1E9362B300AD5B01 /* Resources */,
			);
			buildRules = (
			);
			dependencies = (
			);
			name = TextKitDemo;
			productName = TextKitDemo;
			productReference = 97FA7EBD1E9362B300AD5B01 /* TextKitDemo.app */;
			productType = "com.apple.product-type.application";
		};
/* End PBXNativeTarget section */

/* Begin PBXProject section */
		97FA7EB51E9362B300AD5B01 /* Project object */ = {
			isa = PBXProject;
			attributes = {
				LastUpgradeCheck = 0820;
				ORGANIZATIONNAME = August;
				TargetAttributes = {
					97FA7EBC1E9362B300AD5B01 = {
						CreatedOnToolsVersion = 8.2.1;
						DevelopmentTeam = Y2BAKEHXE4;
						ProvisioningStyle = Automatic;
					};
				};
			};
			buildConfigurationList = 97FA7EB81E9362B300AD5B01 /* Build configuration list for PBXProject "TextKitDemo" */;
			compatibilityVersion = "Xcode 3.2";
			developmentRegion = English;
			hasScannedForEncodings = 0;
			knownRegions = (
				en,
				Base,
			);
			mainGroup = 97FA7EB41E9362B300AD5B01;
			productRefGroup = 97FA7EBE1E9362B300AD5B01 /* Products */;
			projectDirPath = "";
			projectRoot = "";
			targets = (
				97FA7EBC1E9362B300AD5B01 /* TextKitDemo */,
			);
		};
/* End PBXProject section */

/* Begin PBXResourcesBuildPhase section */
		97FA7EBB1E9362B300AD5B01 /* Resources */ = {
			isa = PBXResourcesBuildPhase;
			buildActionMask = 2147483647;
			files = (
				97FA7ED01E9362B300AD5B01 /* LaunchScreen.storyboard in Resources */,
				97FA7ECD1E9362B300AD5B01 /* Assets.xcassets in Resources */,
				97FA7ECB1E9362B300AD5B01 /* Main.storyboard in Resources */,
			);
			runOnlyForDeploymentPostprocessing = 0;
		};
/* End PBXResourcesBuildPhase section */

/* Begin PBXSourcesBuildPhase section */
		97FA7EB91E9362B300AD5B01 /* Sources */ = {
			isa = PBXSourcesBuildPhase;
			buildActionMask = 2147483647;
			files = (
				97FA7EC81E9362B300AD5B01 /* ViewController.m in Sources */,
				97FA7ED91E9362DD00AD5B01 /* TextView.m in Sources */,
				97FA7EC51E9362B300AD5B01 /* AppDelegate.m in Sources */,
				97FA7EC21E9362B300AD5B01 /* main.m in Sources */,
			);
			runOnlyForDeploymentPostprocessing = 0;
		};
/* End PBXSourcesBuildPhase section */

/* Begin PBXVariantGroup section */
		97FA7EC91E9362B300AD5B01 /* Main.storyboard */ = {
			isa = PBXVariantGroup;
			children = (
				97FA7ECA1E9362B300AD5B01 /* Base */,
			);
			name = Main.storyboard;
			sourceTree = "<group>";
		};
		97FA7ECE1E9362B300AD5B01 /* LaunchScreen.storyboard */ = {
			isa = PBXVariantGroup;
			children = (
				97FA7ECF1E9362B300AD5B01 /* Base */,
			);
			name = LaunchScreen.storyboard;
			sourceTree = "<group>";
		};
/* End PBXVariantGroup section */

/* Begin XCBuildConfiguration section */
		97FA7ED21E9362B300AD5B01 /* Debug */ = {
			isa = XCBuildConfiguration;
			buildSettings = {
				ALWAYS_SEARCH_USER_PATHS = NO;
				CLANG_ANALYZER_NONNULL = YES;
				CLANG_CXX_LANGUAGE_STANDARD = "gnu++0x";
				CLANG_CXX_LIBRARY = "libc++";
				CLANG_ENABLE_MODULES = YES;
				CLANG_ENABLE_OBJC_ARC = YES;
				CLANG_WARN_BOOL_CONVERSION = YES;
				CLANG_WARN_CONSTANT_CONVERSION = YES;
				CLANG_WARN_DIRECT_OBJC_ISA_USAGE = YES_ERROR;
				CLANG_WARN_DOCUMENTATION_COMMENTS = YES;
				CLANG_WARN_EMPTY_BODY = YES;
				CLANG_WARN_ENUM_CONVERSION = YES;
				CLANG_WARN_INFINITE_RECURSION = YES;
				CLANG_WARN_INT_CONVERSION = YES;
				CLANG_WARN_OBJC_ROOT_CLASS = YES_ERROR;
				CLANG_WARN_SUSPICIOUS_MOVE = YES;
				CLANG_WARN_UNREACHABLE_CODE = YES;
				CLANG_WARN__DUPLICATE_METHOD_MATCH = YES;
				"CODE_SIGN_IDENTITY[sdk=iphoneos*]" = "iPhone Developer";
				COPY_PHASE_STRIP = NO;
				DEBUG_INFORMATION_FORMAT = dwarf;
				ENABLE_STRICT_OBJC_MSGSEND = YES;
				ENABLE_TESTABILITY = YES;
				GCC_C_LANGUAGE_STANDARD = gnu99;
				GCC_DYNAMIC_NO_PIC = NO;
				GCC_NO_COMMON_BLOCKS = YES;
				GCC_OPTIMIZATION_LEVEL = 0;
				GCC_PREPROCESSOR_DEFINITIONS = (
					"DEBUG=1",
					"$(inherited)",
				);
				GCC_WARN_64_TO_32_BIT_CONVERSION = YES;
				GCC_WARN_ABOUT_RETURN_TYPE = YES_ERROR;
				GCC_WARN_UNDECLARED_SELECTOR = YES;
				GCC_WARN_UNINITIALIZED_AUTOS = YES_AGGRESSIVE;
				GCC_WARN_UNUSED_FUNCTION = YES;
				GCC_WARN_UNUSED_VARIABLE = YES;
				IPHONEOS_DEPLOYMENT_TARGET = 10.2;
				MTL_ENABLE_DEBUG_INFO = YES;
				ONLY_ACTIVE_ARCH = YES;
				SDKROOT = iphoneos;
				TARGETED_DEVICE_FAMILY = "1,2";
			};
			name = Debug;
		};
		97FA7ED31E9362B300AD5B01 /* Release */ = {
			isa = XCBuildConfiguration;
			buildSettings = {
				ALWAYS_SEARCH_USER_PATHS = NO;
				CLANG_ANALYZER_NONNULL = YES;
				CLANG_CXX_LANGUAGE_STANDARD = "gnu++0x";
				CLANG_CXX_LIBRARY = "libc++";
				CLANG_ENABLE_MODULES = YES;
				CLANG_ENABLE_OBJC_ARC = YES;
				CLANG_WARN_BOOL_CONVERSION = YES;
				CLANG_WARN_CONSTANT_CONVERSION = YES;
				CLANG_WARN_DIRECT_OBJC_ISA_USAGE = YES_ERROR;
				CLANG_WARN_DOCUMENTATION_COMMENTS = YES;
				CLANG_WARN_EMPTY_BODY = YES;
				CLANG_WARN_ENUM_CONVERSION = YES;
				CLANG_WARN_INFINITE_RECURSION = YES;
				CLANG_WARN_INT_CONVERSION = YES;
				CLANG_WARN_OBJC_ROOT_CLASS = YES_ERROR;
				CLANG_WARN_SUSPICIOUS_MOVE = YES;
				CLANG_WARN_UNREACHABLE_CODE = YES;
				CLANG_WARN__DUPLICATE_METHOD_MATCH = YES;
				"CODE_SIGN_IDENTITY[sdk=iphoneos*]" = "iPhone Developer";
				COPY_PHASE_STRIP = NO;
				DEBUG_INFORMATION_FORMAT = "dwarf-with-dsym";
				ENABLE_NS_ASSERTIONS = NO;
				ENABLE_STRICT_OBJC_MSGSEND = YES;
				GCC_C_LANGUAGE_STANDARD = gnu99;
				GCC_NO_COMMON_BLOCKS = YES;
				GCC_WARN_64_TO_32_BIT_CONVERSION = YES;
				GCC_WARN_ABOUT_RETURN_TYPE = YES_ERROR;
				GCC_WARN_UNDECLARED_SELECTOR = YES;
				GCC_WARN_UNINITIALIZED_AUTOS = YES_AGGRESSIVE;
				GCC_WARN_UNUSED_FUNCTION = YES;
				GCC_WARN_UNUSED_VARIABLE = YES;
				IPHONEOS_DEPLOYMENT_TARGET = 10.2;
				MTL_ENABLE_DEBUG_INFO = NO;
				SDKROOT = iphoneos;
				TARGETED_DEVICE_FAMILY = "1,2";
				VALIDATE_PRODUCT = YES;
			};
			name = Release;
		};
		97FA7ED51E9362B300AD5B01 /* Debug */ = {
			isa = XCBuildConfiguration;
			buildSettings = {
				ASSETCATALOG_COMPILER_APPICON_NAME = AppIcon;
				DEVELOPMENT_TEAM = Y2BAKEHXE4;
				INFOPLIST_FILE = TextKitDemo/Info.plist;
				LD_RUNPATH_SEARCH_PATHS = "$(inherited) @executable_path/Frameworks";
				PRODUCT_BUNDLE_IDENTIFIER = AR.TextKitDemo;
				PRODUCT_NAME = "$(TARGET_NAME)";
			};
			name = Debug;
		};
		97FA7ED61E9362B300AD5B01 /* Release */ = {
			isa = XCBuildConfiguration;
			buildSettings = {
				ASSETCATALOG_COMPILER_APPICON_NAME = AppIcon;
				DEVELOPMENT_TEAM = Y2BAKEHXE4;
				INFOPLIST_FILE = TextKitDemo/Info.plist;
				LD_RUNPATH_SEARCH_PATHS = "$(inherited) @executable_path/Frameworks";
				PRODUCT_BUNDLE_IDENTIFIER = AR.TextKitDemo;
				PRODUCT_NAME = "$(TARGET_NAME)";
			};
			name = Release;
		};
/* End XCBuildConfiguration section */

/* Begin XCConfigurationList section */
		97FA7EB81E9362B300AD5B01 /* Build configuration list for PBXProject "TextKitDemo" */ = {
			isa = XCConfigurationList;
			buildConfigurations = (
				97FA7ED21E9362B300AD5B01 /* Debug */,
				97FA7ED31E9362B300AD5B01 /* Release */,
			);
			defaultConfigurationIsVisible = 0;
			defaultConfigurationName = Release;
		};
		97FA7ED41E9362B300AD5B01 /* Build configuration list for PBXNativeTarget "TextKitDemo" */ = {
			isa = XCConfigurationList;
			buildConfigurations = (
				97FA7ED51E9362B300AD5B01 /* Debug */,
				97FA7ED61E9362B300AD5B01 /* Release */,
			);
			defaultConfigurationIsVisible = 0;
		};
/* End XCConfigurationList section */
	};
	rootObject = 97FA7EB51E9362B300AD5B01 /* Project object */;
}
