// !$*UTF8*$!
{
	archiveVersion = 1;
	classes = {
	};
	objectVersion = 46;
	objects = {

/* Begin PBXBuildFile section */
		9743F2581E65C4050068B438 /* main.m in Sources */ = {isa = PBXBuildFile; fileRef = 9743F2571E65C4050068B438 /* main.m */; };
		9743F25F1E65C4330068B438 /* PerfromCall.s in Sources */ = {isa = PBXBuildFile; fileRef = 9743F25E1E65C4330068B438 /* PerfromCall.s */; };
		9743F2631E65C5300068B438 /* NSObject+PerfromCall.m in Sources */ = {isa = PBXBuildFile; fileRef = 9743F2621E65C5300068B438 /* NSObject+PerfromCall.m */; };
		9743F2661E666C590068B438 /* FakeAssemble.c in Sources */ = {isa = PBXBuildFile; fileRef = 9743F2641E666C590068B438 /* FakeAssemble.c */; };
/* End PBXBuildFile section */

/* Begin PBXCopyFilesBuildPhase section */
		9743F2521E65C4050068B438 /* CopyFiles */ = {
			isa = PBXCopyFilesBuildPhase;
			buildActionMask = 2147483647;
			dstPath = /usr/share/man/man1/;
			dstSubfolderSpec = 0;
			files = (
			);
			runOnlyForDeploymentPostprocessing = 1;
		};
/* End PBXCopyFilesBuildPhase section */

/* Begin PBXFileReference section */
		9743F2541E65C4050068B438 /* PerfromCallDemo */ = {isa = PBXFileReference; explicitFileType = "compiled.mach-o.executable"; includeInIndex = 0; path = PerfromCallDemo; sourceTree = BUILT_PRODUCTS_DIR; };
		9743F2571E65C4050068B438 /* main.m */ = {isa = PBXFileReference; lastKnownFileType = sourcecode.c.objc; path = main.m; sourceTree = "<group>"; };
		9743F25E1E65C4330068B438 /* PerfromCall.s */ = {isa = PBXFileReference; fileEncoding = 4; lastKnownFileType = sourcecode.asm; path = PerfromCall.s; sourceTree = "<group>"; };
		9743F2611E65C5300068B438 /* NSObject+PerfromCall.h */ = {isa = PBXFileReference; fileEncoding = 4; lastKnownFileType = sourcecode.c.h; path = "NSObject+PerfromCall.h"; sourceTree = "<group>"; };
		9743F2621E65C5300068B438 /* NSObject+PerfromCall.m */ = {isa = PBXFileReference; fileEncoding = 4; lastKnownFileType = sourcecode.c.objc; path = "NSObject+PerfromCall.m"; sourceTree = "<group>"; };
		9743F2641E666C590068B438 /* FakeAssemble.c */ = {isa = PBXFileReference; fileEncoding = 4; lastKnownFileType = sourcecode.c.c; path = FakeAssemble.c; sourceTree = "<group>"; };
		9743F2651E666C590068B438 /* FakeAssemble.h */ = {isa = PBXFileReference; fileEncoding = 4; lastKnownFileType = sourcecode.c.h; path = FakeAssemble.h; sourceTree = "<group>"; };
		9743F2681E666F470068B438 /* PerfromCallDemo.profdata */ = {isa = PBXFileReference; lastKnownFileType = file; path = PerfromCallDemo.profdata; sourceTree = "<group>"; };
/* End PBXFileReference section */

/* Begin PBXFrameworksBuildPhase section */
		9743F2511E65C4050068B438 /* Frameworks */ = {
			isa = PBXFrameworksBuildPhase;
			buildActionMask = 2147483647;
			files = (
			);
			runOnlyForDeploymentPostprocessing = 0;
		};
/* End PBXFrameworksBuildPhase section */

/* Begin PBXGroup section */
		9743F24B1E65C4050068B438 = {
			isa = PBXGroup;
			children = (
				9743F2561E65C4050068B438 /* PerfromCallDemo */,
				9743F2551E65C4050068B438 /* Products */,
				9743F2671E666F470068B438 /* OptimizationProfiles */,
			);
			sourceTree = "<group>";
		};
		9743F2551E65C4050068B438 /* Products */ = {
			isa = PBXGroup;
			children = (
				9743F2541E65C4050068B438 /* PerfromCallDemo */,
			);
			name = Products;
			sourceTree = "<group>";
		};
		9743F2561E65C4050068B438 /* PerfromCallDemo */ = {
			isa = PBXGroup;
			children = (
				9743F2571E65C4050068B438 /* main.m */,
				9743F25E1E65C4330068B438 /* PerfromCall.s */,
				9743F2641E666C590068B438 /* FakeAssemble.c */,
				9743F2651E666C590068B438 /* FakeAssemble.h */,
				9743F2611E65C5300068B438 /* NSObject+PerfromCall.h */,
				9743F2621E65C5300068B438 /* NSObject+PerfromCall.m */,
			);
			path = PerfromCallDemo;
			sourceTree = "<group>";
		};
		9743F2671E666F470068B438 /* OptimizationProfiles */ = {
			isa = PBXGroup;
			children = (
				9743F2681E666F470068B438 /* PerfromCallDemo.profdata */,
			);
			path = OptimizationProfiles;
			sourceTree = "<group>";
		};
/* End PBXGroup section */

/* Begin PBXNativeTarget section */
		9743F2531E65C4050068B438 /* PerfromCallDemo */ = {
			isa = PBXNativeTarget;
			buildConfigurationList = 9743F25B1E65C4050068B438 /* Build configuration list for PBXNativeTarget "PerfromCallDemo" */;
			buildPhases = (
				9743F2501E65C4050068B438 /* Sources */,
				9743F2511E65C4050068B438 /* Frameworks */,
				9743F2521E65C4050068B438 /* CopyFiles */,
			);
			buildRules = (
			);
			dependencies = (
			);
			name = PerfromCallDemo;
			productName = PerfromCallDemo;
			productReference = 9743F2541E65C4050068B438 /* PerfromCallDemo */;
			productType = "com.apple.product-type.tool";
		};
/* End PBXNativeTarget section */

/* Begin PBXProject section */
		9743F24C1E65C4050068B438 /* Project object */ = {
			isa = PBXProject;
			attributes = {
				LastUpgradeCheck = 0820;
				ORGANIZATIONNAME = August;
				TargetAttributes = {
					9743F2531E65C4050068B438 = {
						CreatedOnToolsVersion = 8.2.1;
						DevelopmentTeam = Y2BAKEHXE4;
						ProvisioningStyle = Automatic;
					};
				};
			};
			buildConfigurationList = 9743F24F1E65C4050068B438 /* Build configuration list for PBXProject "PerfromCallDemo" */;
			compatibilityVersion = "Xcode 3.2";
			developmentRegion = English;
			hasScannedForEncodings = 0;
			knownRegions = (
				en,
			);
			mainGroup = 9743F24B1E65C4050068B438;
			productRefGroup = 9743F2551E65C4050068B438 /* Products */;
			projectDirPath = "";
			projectRoot = "";
			targets = (
				9743F2531E65C4050068B438 /* PerfromCallDemo */,
			);
		};
/* End PBXProject section */

/* Begin PBXSourcesBuildPhase section */
		9743F2501E65C4050068B438 /* Sources */ = {
			isa = PBXSourcesBuildPhase;
			buildActionMask = 2147483647;
			files = (
				9743F2631E65C5300068B438 /* NSObject+PerfromCall.m in Sources */,
				9743F2581E65C4050068B438 /* main.m in Sources */,
				9743F2661E666C590068B438 /* FakeAssemble.c in Sources */,
				9743F25F1E65C4330068B438 /* PerfromCall.s in Sources */,
			);
			runOnlyForDeploymentPostprocessing = 0;
		};
/* End PBXSourcesBuildPhase section */

/* Begin XCBuildConfiguration section */
		9743F2591E65C4050068B438 /* Debug */ = {
			isa = XCBuildConfiguration;
			buildSettings = {
				ALWAYS_SEARCH_USER_PATHS = NO;
				CLANG_ANALYZER_NONNULL = YES;
				CLANG_CXX_LANGUAGE_STANDARD = "gnu++0x";
				CLANG_CXX_LIBRARY = "libc++";
				CLANG_ENABLE_MODULES = YES;
				CLANG_ENABLE_OBJC_ARC = YES;
				CLANG_WARN_BOOL_CONVERSION = YES;
				CLANG_WARN_CONSTANT_CONVERSION = YES;
				CLANG_WARN_DIRECT_OBJC_ISA_USAGE = YES_ERROR;
				CLANG_WARN_DOCUMENTATION_COMMENTS = YES;
				CLANG_WARN_EMPTY_BODY = YES;
				CLANG_WARN_ENUM_CONVERSION = YES;
				CLANG_WARN_INFINITE_RECURSION = YES;
				CLANG_WARN_INT_CONVERSION = YES;
				CLANG_WARN_OBJC_ROOT_CLASS = YES_ERROR;
				CLANG_WARN_SUSPICIOUS_MOVE = YES;
				CLANG_WARN_UNREACHABLE_CODE = YES;
				CLANG_WARN__DUPLICATE_METHOD_MATCH = YES;
				CODE_SIGN_IDENTITY = "-";
				COPY_PHASE_STRIP = NO;
				DEBUG_INFORMATION_FORMAT = dwarf;
				ENABLE_STRICT_OBJC_MSGSEND = YES;
				ENABLE_TESTABILITY = YES;
				GCC_C_LANGUAGE_STANDARD = gnu99;
				GCC_DYNAMIC_NO_PIC = NO;
				GCC_NO_COMMON_BLOCKS = YES;
				GCC_OPTIMIZATION_LEVEL = 0;
				GCC_PREPROCESSOR_DEFINITIONS = (
					"DEBUG=1",
					"$(inherited)",
				);
				GCC_WARN_64_TO_32_BIT_CONVERSION = YES;
				GCC_WARN_ABOUT_RETURN_TYPE = YES_ERROR;
				GCC_WARN_UNDECLARED_SELECTOR = YES;
				GCC_WARN_UNINITIALIZED_AUTOS = YES_AGGRESSIVE;
				GCC_WARN_UNUSED_FUNCTION = YES;
				GCC_WARN_UNUSED_VARIABLE = YES;
				MACOSX_DEPLOYMENT_TARGET = 10.12;
				MTL_ENABLE_DEBUG_INFO = YES;
				ONLY_ACTIVE_ARCH = YES;
				SDKROOT = macosx;
			};
			name = Debug;
		};
		9743F25A1E65C4050068B438 /* Release */ = {
			isa = XCBuildConfiguration;
			buildSettings = {
				ALWAYS_SEARCH_USER_PATHS = NO;
				CLANG_ANALYZER_NONNULL = YES;
				CLANG_CXX_LANGUAGE_STANDARD = "gnu++0x";
				CLANG_CXX_LIBRARY = "libc++";
				CLANG_ENABLE_MODULES = YES;
				CLANG_ENABLE_OBJC_ARC = YES;
				CLANG_WARN_BOOL_CONVERSION = YES;
				CLANG_WARN_CONSTANT_CONVERSION = YES;
				CLANG_WARN_DIRECT_OBJC_ISA_USAGE = YES_ERROR;
				CLANG_WARN_DOCUMENTATION_COMMENTS = YES;
				CLANG_WARN_EMPTY_BODY = YES;
				CLANG_WARN_ENUM_CONVERSION = YES;
				CLANG_WARN_INFINITE_RECURSION = YES;
				CLANG_WARN_INT_CONVERSION = YES;
				CLANG_WARN_OBJC_ROOT_CLASS = YES_ERROR;
				CLANG_WARN_SUSPICIOUS_MOVE = YES;
				CLANG_WARN_UNREACHABLE_CODE = YES;
				CLANG_WARN__DUPLICATE_METHOD_MATCH = YES;
				CODE_SIGN_IDENTITY = "-";
				COPY_PHASE_STRIP = NO;
				DEBUG_INFORMATION_FORMAT = "dwarf-with-dsym";
				ENABLE_NS_ASSERTIONS = NO;
				ENABLE_STRICT_OBJC_MSGSEND = YES;
				GCC_C_LANGUAGE_STANDARD = gnu99;
				GCC_NO_COMMON_BLOCKS = YES;
				GCC_WARN_64_TO_32_BIT_CONVERSION = YES;
				GCC_WARN_ABOUT_RETURN_TYPE = YES_ERROR;
				GCC_WARN_UNDECLARED_SELECTOR = YES;
				GCC_WARN_UNINITIALIZED_AUTOS = YES_AGGRESSIVE;
				GCC_WARN_UNUSED_FUNCTION = YES;
				GCC_WARN_UNUSED_VARIABLE = YES;
				MACOSX_DEPLOYMENT_TARGET = 10.12;
				MTL_ENABLE_DEBUG_INFO = NO;
				SDKROOT = macosx;
			};
			name = Release;
		};
		9743F25C1E65C4050068B438 /* Debug */ = {
			isa = XCBuildConfiguration;
			buildSettings = {
				CLANG_USE_OPTIMIZATION_PROFILE = YES;
				DEVELOPMENT_TEAM = Y2BAKEHXE4;
				PRODUCT_NAME = "$(TARGET_NAME)";
			};
			name = Debug;
		};
		9743F25D1E65C4050068B438 /* Release */ = {
			isa = XCBuildConfiguration;
			buildSettings = {
				CLANG_USE_OPTIMIZATION_PROFILE = YES;
				DEVELOPMENT_TEAM = Y2BAKEHXE4;
				PRODUCT_NAME = "$(TARGET_NAME)";
			};
			name = Release;
		};
/* End XCBuildConfiguration section */

/* Begin XCConfigurationList section */
		9743F24F1E65C4050068B438 /* Build configuration list for PBXProject "PerfromCallDemo" */ = {
			isa = XCConfigurationList;
			buildConfigurations = (
				9743F2591E65C4050068B438 /* Debug */,
				9743F25A1E65C4050068B438 /* Release */,
			);
			defaultConfigurationIsVisible = 0;
			defaultConfigurationName = Release;
		};
		9743F25B1E65C4050068B438 /* Build configuration list for PBXNativeTarget "PerfromCallDemo" */ = {
			isa = XCConfigurationList;
			buildConfigurations = (
				9743F25C1E65C4050068B438 /* Debug */,
				9743F25D1E65C4050068B438 /* Release */,
			);
			defaultConfigurationIsVisible = 0;
			defaultConfigurationName = Release;
		};
/* End XCConfigurationList section */
	};
	rootObject = 9743F24C1E65C4050068B438 /* Project object */;
}
